
Microsoft Visual Studio Solution File, Format Version 12.00
# Visual Studio Version 17
VisualStudioVersion = 17.4.33213.308
MinimumVisualStudioVersion = 10.0.40219.1
Project("{9A19103F-16F7-4668-BE54-9A1E7A4F7556}") = "Modelos", "Modelos\Modelos.csproj", "{72C3E15A-2DAD-4BAD-BB4A-24DC9A86CD8F}"
EndProject
Project("{9A19103F-16F7-4668-BE54-9A1E7A4F7556}") = "Datos", "Datos\Datos.csproj", "{1461BC5B-5C96-43A2-95F1-E491634CB60C}"
EndProject
Project("{9A19103F-16F7-4668-BE54-9A1E7A4F7556}") = "Blazor", "Blazor\Blazor.csproj", "{0AADFE1A-3209-436E-9B83-BCDA7F092011}"
EndProject
Global
	GlobalSection(SolutionConfigurationPlatforms) = preSolution
		Debug|Any CPU = Debug|Any CPU
		Release|Any CPU = Release|Any CPU
	EndGlobalSection
	GlobalSection(ProjectConfigurationPlatforms) = postSolution
		{72C3E15A-2DAD-4BAD-BB4A-24DC9A86CD8F}.Debug|Any CPU.ActiveCfg = Debug|Any CPU
		{72C3E15A-2DAD-4BAD-BB4A-24DC9A86CD8F}.Debug|Any CPU.Build.0 = Debug|Any CPU
		{72C3E15A-2DAD-4BAD-BB4A-24DC9A86CD8F}.Release|Any CPU.ActiveCfg = Release|Any CPU
		{72C3E15A-2DAD-4BAD-BB4A-24DC9A86CD8F}.Release|Any CPU.Build.0 = Release|Any CPU
		{1461BC5B-5C96-43A2-95F1-E491634CB60C}.Debug|Any CPU.ActiveCfg = Debug|Any CPU
		{1461BC5B-5C96-43A2-95F1-E491634CB60C}.Debug|Any CPU.Build.0 = Debug|Any CPU
		{1461BC5B-5C96-43A2-95F1-E491634CB60C}.Release|Any CPU.ActiveCfg = Release|Any CPU
		{1461BC5B-5C96-43A2-95F1-E491634CB60C}.Release|Any CPU.Build.0 = Release|Any CPU
		{0AADFE1A-3209-436E-9B83-BCDA7F092011}.Debug|Any CPU.ActiveCfg = Debug|Any CPU
		{0AADFE1A-3209-436E-9B83-BCDA7F092011}.Debug|Any CPU.Build.0 = Debug|Any CPU
		{0AADFE1A-3209-436E-9B83-BCDA7F092011}.Release|Any CPU.ActiveCfg = Release|Any CPU
		{0AADFE1A-3209-436E-9B83-BCDA7F092011}.Release|Any CPU.Build.0 = Release|Any CPU
	EndGlobalSection
	GlobalSection(SolutionProperties) = preSolution
		HideSolutionNode = FALSE
	EndGlobalSection
	GlobalSection(ExtensibilityGlobals) = postSolution
		SolutionGuid = {848313B6-BF85-49D3-93D3-E817B0C0A5E2}
	EndGlobalSection
EndGlobal
